
Microsoft Visual Studio Solution File, Format Version 12.00
# Visual Studio Version 16
VisualStudioVersion = 16.0.33130.400
MinimumVisualStudioVersion = 10.0.40219.1
Project("{FAE04EC0-301F-11D3-BF4B-00C04F79EFBC}") = "BBUPro", "BBUPro\BBUPro.csproj", "{03F102C5-27EE-4D00-86AE-B91ABF282025}"
EndProject
Global
	GlobalSection(SolutionConfigurationPlatforms) = preSolution
		Debug|Any CPU = Debug|Any CPU
		Release|Any CPU = Release|Any CPU
	EndGlobalSection
	GlobalSection(ProjectConfigurationPlatforms) = postSolution
		{03F102C5-27EE-4D00-86AE-B91ABF282025}.Debug|Any CPU.ActiveCfg = Debug|Any CPU
		{03F102C5-27EE-4D00-86AE-B91ABF282025}.Debug|Any CPU.Build.0 = Debug|Any CPU
		{03F102C5-27EE-4D00-86AE-B91ABF282025}.Release|Any CPU.ActiveCfg = Release|Any CPU
		{03F102C5-27EE-4D00-86AE-B91ABF282025}.Release|Any CPU.Build.0 = Release|Any CPU
	EndGlobalSection
	GlobalSection(SolutionProperties) = preSolution
		HideSolutionNode = FALSE
	EndGlobalSection
	GlobalSection(ExtensibilityGlobals) = postSolution
		SolutionGuid = {E59236B4-A39D-4EF3-A905-8A00F315F202}
	EndGlobalSection
EndGlobal
